
Microsoft Visual Studio Solution File, Format Version 12.00
Project("{FAE04EC0-301F-11D3-BF4B-00C04F79EFBC}") = "Brewery.Core", "Brewery.Core\Brewery.Core.csproj", "{87AD3A6B-7C6F-466F-A181-D3438244136D}"
EndProject
Project("{FAE04EC0-301F-11D3-BF4B-00C04F79EFBC}") = "Brewery.iOS", "Brewery.iOS\Brewery.iOS.csproj", "{9D0DBBCD-AA6A-41FC-8695-FABE3C8DB8FC}"
EndProject
Project("{FAE04EC0-301F-11D3-BF4B-00C04F79EFBC}") = "Brewery.Droid", "Brewery.Droid\Brewery.Droid.csproj", "{EB2EDC94-3259-4970-9AE6-83B8C9E48892}"
EndProject
Project("{FAE04EC0-301F-11D3-BF4B-00C04F79EFBC}") = "Brewery.Core.Tests", "Brewery.Core.Tests\Brewery.Core.Tests.csproj", "{8C711357-DA6E-4A32-AA1C-05F45E5B5C3E}"
EndProject
Global
	GlobalSection(SolutionConfigurationPlatforms) = preSolution
		Debug|Any CPU = Debug|Any CPU
		Release|Any CPU = Release|Any CPU
	EndGlobalSection
	GlobalSection(ProjectConfigurationPlatforms) = postSolution
		{87AD3A6B-7C6F-466F-A181-D3438244136D}.Debug|Any CPU.ActiveCfg = Debug|Any CPU
		{87AD3A6B-7C6F-466F-A181-D3438244136D}.Debug|Any CPU.Build.0 = Debug|Any CPU
		{87AD3A6B-7C6F-466F-A181-D3438244136D}.Release|Any CPU.ActiveCfg = Release|Any CPU
		{87AD3A6B-7C6F-466F-A181-D3438244136D}.Release|Any CPU.Build.0 = Release|Any CPU
		{9D0DBBCD-AA6A-41FC-8695-FABE3C8DB8FC}.Debug|Any CPU.ActiveCfg = Debug|Any CPU
		{9D0DBBCD-AA6A-41FC-8695-FABE3C8DB8FC}.Debug|Any CPU.Build.0 = Debug|Any CPU
		{9D0DBBCD-AA6A-41FC-8695-FABE3C8DB8FC}.Release|Any CPU.ActiveCfg = Release|Any CPU
		{9D0DBBCD-AA6A-41FC-8695-FABE3C8DB8FC}.Release|Any CPU.Build.0 = Release|Any CPU
		{EB2EDC94-3259-4970-9AE6-83B8C9E48892}.Debug|Any CPU.ActiveCfg = Debug|Any CPU
		{EB2EDC94-3259-4970-9AE6-83B8C9E48892}.Debug|Any CPU.Build.0 = Debug|Any CPU
		{EB2EDC94-3259-4970-9AE6-83B8C9E48892}.Release|Any CPU.ActiveCfg = Release|Any CPU
		{EB2EDC94-3259-4970-9AE6-83B8C9E48892}.Release|Any CPU.Build.0 = Release|Any CPU
		{8C711357-DA6E-4A32-AA1C-05F45E5B5C3E}.Debug|Any CPU.ActiveCfg = Debug|Any CPU
		{8C711357-DA6E-4A32-AA1C-05F45E5B5C3E}.Debug|Any CPU.Build.0 = Debug|Any CPU
		{8C711357-DA6E-4A32-AA1C-05F45E5B5C3E}.Release|Any CPU.ActiveCfg = Release|Any CPU
		{8C711357-DA6E-4A32-AA1C-05F45E5B5C3E}.Release|Any CPU.Build.0 = Release|Any CPU
	EndGlobalSection
EndGlobal
